
Microsoft Visual Studio Solution File, Format Version 12.00
# Visual Studio 15
VisualStudioVersion = 15.0.28307.705
MinimumVisualStudioVersion = 10.0.40219.1
Project("{FAE04EC0-301F-11D3-BF4B-00C04F79EFBC}") = "AddthestringwrittenintextBox1intolistBox1", "AddthestringwrittenintextBox1intolistBox1\AddthestringwrittenintextBox1intolistBox1.csproj", "{866C3F1B-13BA-404F-94EA-DD613997188F}"
EndProject
Global
	GlobalSection(SolutionConfigurationPlatforms) = preSolution
		Debug|Any CPU = Debug|Any CPU
		Release|Any CPU = Release|Any CPU
	EndGlobalSection
	GlobalSection(ProjectConfigurationPlatforms) = postSolution
		{866C3F1B-13BA-404F-94EA-DD613997188F}.Debug|Any CPU.ActiveCfg = Debug|Any CPU
		{866C3F1B-13BA-404F-94EA-DD613997188F}.Debug|Any CPU.Build.0 = Debug|Any CPU
		{866C3F1B-13BA-404F-94EA-DD613997188F}.Release|Any CPU.ActiveCfg = Release|Any CPU
		{866C3F1B-13BA-404F-94EA-DD613997188F}.Release|Any CPU.Build.0 = Release|Any CPU
	EndGlobalSection
	GlobalSection(SolutionProperties) = preSolution
		HideSolutionNode = FALSE
	EndGlobalSection
	GlobalSection(ExtensibilityGlobals) = postSolution
		SolutionGuid = {25E326FB-0293-4B21-9842-24FA7C3844DD}
	EndGlobalSection
EndGlobal
