
Microsoft Visual Studio Solution File, Format Version 12.00
# Visual Studio 15
VisualStudioVersion = 15.0.28307.705
MinimumVisualStudioVersion = 10.0.40219.1
Project("{FAE04EC0-301F-11D3-BF4B-00C04F79EFBC}") = "PriceCalculator", "PriceCalculator\PriceCalculator.csproj", "{8BCB7E17-B77C-451E-BD50-2B06F9251F59}"
EndProject
Global
	GlobalSection(SolutionConfigurationPlatforms) = preSolution
		Debug|Any CPU = Debug|Any CPU
		Release|Any CPU = Release|Any CPU
	EndGlobalSection
	GlobalSection(ProjectConfigurationPlatforms) = postSolution
		{8BCB7E17-B77C-451E-BD50-2B06F9251F59}.Debug|Any CPU.ActiveCfg = Debug|Any CPU
		{8BCB7E17-B77C-451E-BD50-2B06F9251F59}.Debug|Any CPU.Build.0 = Debug|Any CPU
		{8BCB7E17-B77C-451E-BD50-2B06F9251F59}.Release|Any CPU.ActiveCfg = Release|Any CPU
		{8BCB7E17-B77C-451E-BD50-2B06F9251F59}.Release|Any CPU.Build.0 = Release|Any CPU
	EndGlobalSection
	GlobalSection(SolutionProperties) = preSolution
		HideSolutionNode = FALSE
	EndGlobalSection
	GlobalSection(ExtensibilityGlobals) = postSolution
		SolutionGuid = {3925CCDC-B558-43B4-AD24-F5C9C2F3E787}
	EndGlobalSection
EndGlobal
