
Microsoft Visual Studio Solution File, Format Version 12.00
# Visual Studio 15
VisualStudioVersion = 15.0.28307.705
MinimumVisualStudioVersion = 10.0.40219.1
Project("{FAE04EC0-301F-11D3-BF4B-00C04F79EFBC}") = "Bartubozkurt2017280013odev2", "Bartubozkurt2017280013odev2\Bartubozkurt2017280013odev2.csproj", "{F9DF361B-3D30-4E55-9606-B6E85EA35318}"
EndProject
Global
	GlobalSection(SolutionConfigurationPlatforms) = preSolution
		Debug|Any CPU = Debug|Any CPU
		Release|Any CPU = Release|Any CPU
	EndGlobalSection
	GlobalSection(ProjectConfigurationPlatforms) = postSolution
		{F9DF361B-3D30-4E55-9606-B6E85EA35318}.Debug|Any CPU.ActiveCfg = Debug|Any CPU
		{F9DF361B-3D30-4E55-9606-B6E85EA35318}.Debug|Any CPU.Build.0 = Debug|Any CPU
		{F9DF361B-3D30-4E55-9606-B6E85EA35318}.Release|Any CPU.ActiveCfg = Release|Any CPU
		{F9DF361B-3D30-4E55-9606-B6E85EA35318}.Release|Any CPU.Build.0 = Release|Any CPU
	EndGlobalSection
	GlobalSection(SolutionProperties) = preSolution
		HideSolutionNode = FALSE
	EndGlobalSection
	GlobalSection(ExtensibilityGlobals) = postSolution
		SolutionGuid = {6741B225-2CAA-4B56-AC8C-56DAD1AA6D4D}
	EndGlobalSection
EndGlobal
