
Microsoft Visual Studio Solution File, Format Version 12.00
# Visual Studio 15
VisualStudioVersion = 15.0.28307.705
MinimumVisualStudioVersion = 10.0.40219.1
Project("{FAE04EC0-301F-11D3-BF4B-00C04F79EFBC}") = "listBox1deki veriyi listBox2 ye gönderme", "listBox1deki veriyi listBox2 ye gönderme\listBox1deki veriyi listBox2 ye gönderme.csproj", "{7EBBC033-6DFA-49DD-AA6D-67F56ED95319}"
EndProject
Global
	GlobalSection(SolutionConfigurationPlatforms) = preSolution
		Debug|Any CPU = Debug|Any CPU
		Release|Any CPU = Release|Any CPU
	EndGlobalSection
	GlobalSection(ProjectConfigurationPlatforms) = postSolution
		{7EBBC033-6DFA-49DD-AA6D-67F56ED95319}.Debug|Any CPU.ActiveCfg = Debug|Any CPU
		{7EBBC033-6DFA-49DD-AA6D-67F56ED95319}.Debug|Any CPU.Build.0 = Debug|Any CPU
		{7EBBC033-6DFA-49DD-AA6D-67F56ED95319}.Release|Any CPU.ActiveCfg = Release|Any CPU
		{7EBBC033-6DFA-49DD-AA6D-67F56ED95319}.Release|Any CPU.Build.0 = Release|Any CPU
	EndGlobalSection
	GlobalSection(SolutionProperties) = preSolution
		HideSolutionNode = FALSE
	EndGlobalSection
	GlobalSection(ExtensibilityGlobals) = postSolution
		SolutionGuid = {46FC7AAE-88FF-4A56-A544-FBB2163A196F}
	EndGlobalSection
EndGlobal
