
Microsoft Visual Studio Solution File, Format Version 12.00
# Visual Studio 15
VisualStudioVersion = 15.0.28307.705
MinimumVisualStudioVersion = 10.0.40219.1
Project("{FAE04EC0-301F-11D3-BF4B-00C04F79EFBC}") = "OddorEven", "OddorEven\OddorEven.csproj", "{DB726422-98FA-4342-A12B-FF20C534BDBF}"
EndProject
Global
	GlobalSection(SolutionConfigurationPlatforms) = preSolution
		Debug|Any CPU = Debug|Any CPU
		Release|Any CPU = Release|Any CPU
	EndGlobalSection
	GlobalSection(ProjectConfigurationPlatforms) = postSolution
		{DB726422-98FA-4342-A12B-FF20C534BDBF}.Debug|Any CPU.ActiveCfg = Debug|Any CPU
		{DB726422-98FA-4342-A12B-FF20C534BDBF}.Debug|Any CPU.Build.0 = Debug|Any CPU
		{DB726422-98FA-4342-A12B-FF20C534BDBF}.Release|Any CPU.ActiveCfg = Release|Any CPU
		{DB726422-98FA-4342-A12B-FF20C534BDBF}.Release|Any CPU.Build.0 = Release|Any CPU
	EndGlobalSection
	GlobalSection(SolutionProperties) = preSolution
		HideSolutionNode = FALSE
	EndGlobalSection
	GlobalSection(ExtensibilityGlobals) = postSolution
		SolutionGuid = {CD0DE515-59EC-4DEC-B0D7-AB80F2388EE5}
	EndGlobalSection
EndGlobal
