
Microsoft Visual Studio Solution File, Format Version 12.00
# Visual Studio 15
VisualStudioVersion = 15.0.28307.705
MinimumVisualStudioVersion = 10.0.40219.1
Project("{FAE04EC0-301F-11D3-BF4B-00C04F79EFBC}") = "Ucgen Alanı Hesaplama", "Ucgen Alanı Hesaplama\Ucgen Alanı Hesaplama.csproj", "{6433782C-EF0D-4D8F-8D5C-13B3295650EB}"
EndProject
Global
	GlobalSection(SolutionConfigurationPlatforms) = preSolution
		Debug|Any CPU = Debug|Any CPU
		Release|Any CPU = Release|Any CPU
	EndGlobalSection
	GlobalSection(ProjectConfigurationPlatforms) = postSolution
		{6433782C-EF0D-4D8F-8D5C-13B3295650EB}.Debug|Any CPU.ActiveCfg = Debug|Any CPU
		{6433782C-EF0D-4D8F-8D5C-13B3295650EB}.Debug|Any CPU.Build.0 = Debug|Any CPU
		{6433782C-EF0D-4D8F-8D5C-13B3295650EB}.Release|Any CPU.ActiveCfg = Release|Any CPU
		{6433782C-EF0D-4D8F-8D5C-13B3295650EB}.Release|Any CPU.Build.0 = Release|Any CPU
	EndGlobalSection
	GlobalSection(SolutionProperties) = preSolution
		HideSolutionNode = FALSE
	EndGlobalSection
	GlobalSection(ExtensibilityGlobals) = postSolution
		SolutionGuid = {E65F750D-C589-4F88-B60C-943C4A2138C6}
	EndGlobalSection
EndGlobal
