
Microsoft Visual Studio Solution File, Format Version 12.00
# Visual Studio 15
VisualStudioVersion = 15.0.28307.705
MinimumVisualStudioVersion = 10.0.40219.1
Project("{FAE04EC0-301F-11D3-BF4B-00C04F79EFBC}") = "BasicCalculator", "BasicCalculator\BasicCalculator.csproj", "{61BC51ED-8CCB-414E-AC03-10300B692DF8}"
EndProject
Global
	GlobalSection(SolutionConfigurationPlatforms) = preSolution
		Debug|Any CPU = Debug|Any CPU
		Release|Any CPU = Release|Any CPU
	EndGlobalSection
	GlobalSection(ProjectConfigurationPlatforms) = postSolution
		{61BC51ED-8CCB-414E-AC03-10300B692DF8}.Debug|Any CPU.ActiveCfg = Debug|Any CPU
		{61BC51ED-8CCB-414E-AC03-10300B692DF8}.Debug|Any CPU.Build.0 = Debug|Any CPU
		{61BC51ED-8CCB-414E-AC03-10300B692DF8}.Release|Any CPU.ActiveCfg = Release|Any CPU
		{61BC51ED-8CCB-414E-AC03-10300B692DF8}.Release|Any CPU.Build.0 = Release|Any CPU
	EndGlobalSection
	GlobalSection(SolutionProperties) = preSolution
		HideSolutionNode = FALSE
	EndGlobalSection
	GlobalSection(ExtensibilityGlobals) = postSolution
		SolutionGuid = {5DD863FC-2042-4136-BE0E-E7D328B13E50}
	EndGlobalSection
EndGlobal
